
Microsoft Visual Studio Solution File, Format Version 12.00
# Visual Studio Version 16
VisualStudioVersion = 16.0.31911.196
MinimumVisualStudioVersion = 10.0.40219.1
Project("{FAE04EC0-301F-11D3-BF4B-00C04F79EFBC}") = "ArraySınıfı", "ArraySınıfı\ArraySınıfı.csproj", "{B8E3B01D-E97B-4278-88BF-B1209E7A2804}"
EndProject
Global
	GlobalSection(SolutionConfigurationPlatforms) = preSolution
		Debug|Any CPU = Debug|Any CPU
		Release|Any CPU = Release|Any CPU
	EndGlobalSection
	GlobalSection(ProjectConfigurationPlatforms) = postSolution
		{B8E3B01D-E97B-4278-88BF-B1209E7A2804}.Debug|Any CPU.ActiveCfg = Debug|Any CPU
		{B8E3B01D-E97B-4278-88BF-B1209E7A2804}.Debug|Any CPU.Build.0 = Debug|Any CPU
		{B8E3B01D-E97B-4278-88BF-B1209E7A2804}.Release|Any CPU.ActiveCfg = Release|Any CPU
		{B8E3B01D-E97B-4278-88BF-B1209E7A2804}.Release|Any CPU.Build.0 = Release|Any CPU
	EndGlobalSection
	GlobalSection(SolutionProperties) = preSolution
		HideSolutionNode = FALSE
	EndGlobalSection
	GlobalSection(ExtensibilityGlobals) = postSolution
		SolutionGuid = {8115AA4F-CF00-45A0-91A9-B3E7A7592E9A}
	EndGlobalSection
EndGlobal
